---
sources:
- name: ruby/gem_rbs_collection
  remote: https://github.com/ruby/gem_rbs_collection.git
  revision: main
  repo_dir: gems
path: ".gem_rbs_collection"
gems:
- name: orthoses
  version: 1.1.0
  source:
    type: rubygems
- name: rainbow
  version: '3.0'
  source:
    type: git
    name: ruby/gem_rbs_collection
    revision: 8e2fd75fc0e2bcbda9023e8c936fe5ba654b1436
    remote: https://github.com/ruby/gem_rbs_collection.git
    repo_dir: gems
- name: rbs
  version: 2.6.0
  source:
    type: rubygems
- name: logger
  version: '0'
  source:
    type: stdlib
- name: set
  version: '0'
  source:
    type: stdlib
- name: pathname
  version: '0'
  source:
    type: stdlib
- name: json
  version: '0'
  source:
    type: stdlib
- name: rubygems
  version: '0'
  source:
    type: stdlib
- name: tsort
  version: '0'
  source:
    type: stdlib
- name: monitor
  version: '0'
  source:
    type: stdlib
